### YamlMime:UniversalReference
items:
  - uid: azure-event-hubs.ConnectionContext.connectionLock
    name: connectionLock
    fullName: connectionLock
    children: []
    langs:
      - typeScript
    type: property
    summary: ''
    syntax:
      content: 'connectionLock: string'
      return:
        type:
          - string
    module: ConnectionContext
